
Microsoft Visual Studio Solution File, Format Version 12.00
# Visual Studio Version 16
VisualStudioVersion = 16.0.31911.196
MinimumVisualStudioVersion = 10.0.40219.1
Project("{FAE04EC0-301F-11D3-BF4B-00C04F79EFBC}") = "ExtLog", "ExtLog\ExtLog.csproj", "{BD417BF9-1537-47FC-A000-C8E73C2BABE0}"
EndProject
Project("{FAE04EC0-301F-11D3-BF4B-00C04F79EFBC}") = "SadrTools", "..\..\..\..\Sessions\Session15\OOPExamples\SadrTools\SadrTools.csproj", "{B86578CA-5C55-4BAA-AABA-99C5376472D4}"
EndProject
Project("{FAE04EC0-301F-11D3-BF4B-00C04F79EFBC}") = "TestConsole", "TestConsole\TestConsole.csproj", "{C939F796-A0CA-45DC-90E8-84184C98FD74}"
EndProject
Global
	GlobalSection(SolutionConfigurationPlatforms) = preSolution
		Debug|Any CPU = Debug|Any CPU
		Release|Any CPU = Release|Any CPU
	EndGlobalSection
	GlobalSection(ProjectConfigurationPlatforms) = postSolution
		{BD417BF9-1537-47FC-A000-C8E73C2BABE0}.Debug|Any CPU.ActiveCfg = Debug|Any CPU
		{BD417BF9-1537-47FC-A000-C8E73C2BABE0}.Debug|Any CPU.Build.0 = Debug|Any CPU
		{BD417BF9-1537-47FC-A000-C8E73C2BABE0}.Release|Any CPU.ActiveCfg = Release|Any CPU
		{BD417BF9-1537-47FC-A000-C8E73C2BABE0}.Release|Any CPU.Build.0 = Release|Any CPU
		{B86578CA-5C55-4BAA-AABA-99C5376472D4}.Debug|Any CPU.ActiveCfg = Debug|Any CPU
		{B86578CA-5C55-4BAA-AABA-99C5376472D4}.Debug|Any CPU.Build.0 = Debug|Any CPU
		{B86578CA-5C55-4BAA-AABA-99C5376472D4}.Release|Any CPU.ActiveCfg = Release|Any CPU
		{B86578CA-5C55-4BAA-AABA-99C5376472D4}.Release|Any CPU.Build.0 = Release|Any CPU
		{C939F796-A0CA-45DC-90E8-84184C98FD74}.Debug|Any CPU.ActiveCfg = Debug|Any CPU
		{C939F796-A0CA-45DC-90E8-84184C98FD74}.Debug|Any CPU.Build.0 = Debug|Any CPU
		{C939F796-A0CA-45DC-90E8-84184C98FD74}.Release|Any CPU.ActiveCfg = Release|Any CPU
		{C939F796-A0CA-45DC-90E8-84184C98FD74}.Release|Any CPU.Build.0 = Release|Any CPU
	EndGlobalSection
	GlobalSection(SolutionProperties) = preSolution
		HideSolutionNode = FALSE
	EndGlobalSection
	GlobalSection(ExtensibilityGlobals) = postSolution
		SolutionGuid = {16F67523-DF56-45F7-8FA3-92428B42F0BD}
	EndGlobalSection
EndGlobal
